
Microsoft Visual Studio Solution File, Format Version 12.00
# Visual Studio Version 16
VisualStudioVersion = 16.0.30611.23
MinimumVisualStudioVersion = 10.0.40219.1
Project("{FAE04EC0-301F-11D3-BF4B-00C04F79EFBC}") = "TaskParallelLibraryDemo", "MultiThreadingDemo\TaskParallelLibraryDemo.csproj", "{7844BC5C-BFF1-4A61-9AB2-A24492402071}"
EndProject
Global
	GlobalSection(SolutionConfigurationPlatforms) = preSolution
		Debug|Any CPU = Debug|Any CPU
		Release|Any CPU = Release|Any CPU
	EndGlobalSection
	GlobalSection(ProjectConfigurationPlatforms) = postSolution
		{7844BC5C-BFF1-4A61-9AB2-A24492402071}.Debug|Any CPU.ActiveCfg = Debug|Any CPU
		{7844BC5C-BFF1-4A61-9AB2-A24492402071}.Debug|Any CPU.Build.0 = Debug|Any CPU
		{7844BC5C-BFF1-4A61-9AB2-A24492402071}.Release|Any CPU.ActiveCfg = Release|Any CPU
		{7844BC5C-BFF1-4A61-9AB2-A24492402071}.Release|Any CPU.Build.0 = Release|Any CPU
	EndGlobalSection
	GlobalSection(SolutionProperties) = preSolution
		HideSolutionNode = FALSE
	EndGlobalSection
	GlobalSection(ExtensibilityGlobals) = postSolution
		SolutionGuid = {AD7686B0-0D08-4C4B-B3A1-A03C2669E4BA}
	EndGlobalSection
EndGlobal
